<?xml version="1.0" encoding="utf-8"?>
<Project ToolsVersion="4.0" xmlns="http://schemas.microsoft.com/developer/msbuild/2003">
  <ItemGroup>
    <Filter Include="Source Files">
      <UniqueIdentifier>{4FC737F1-C7A5-4376-A066-2A32D752A2FF}</UniqueIdentifier>
      <Extensions>cpp;c;cc;cxx;c++;cppm;ixx;def;odl;idl;hpj;bat;asm;asmx</Extensions>
    </Filter>
    <Filter Include="Header Files">
      <UniqueIdentifier>{93995380-89BD-4b04-88EB-625FBE52EBFB}</UniqueIdentifier>
      <Extensions>h;hh;hpp;hxx;h++;hm;inl;inc;ipp;xsd</Extensions>
    </Filter>
    <Filter Include="Resource Files">
      <UniqueIdentifier>{67DA6AB6-F800-4c08-8B7A-83BB121AAD01}</UniqueIdentifier>
      <Extensions>rc;ico;cur;bmp;dlg;rc2;rct;bin;rgs;gif;jpg;jpeg;jpe;resx;tiff;tif;png;wav;mfcribbon-ms</Extensions>
    </Filter>
    <Filter Include="Header Files\transactions">
      <UniqueIdentifier>{e403e774-d3f6-4272-a219-f39bf937d228}</UniqueIdentifier>
    </Filter>
    <Filter Include="Header Files\mange_users">
      <UniqueIdentifier>{ec466f02-f569-4c71-8e23-fc502ca8b2a8}</UniqueIdentifier>
    </Filter>
    <Filter Include="Header Files\login">
      <UniqueIdentifier>{74e88177-1fb3-49f3-8579-d6e4e9d52a8a}</UniqueIdentifier>
    </Filter>
  </ItemGroup>
  <ItemGroup>
    <ClCompile Include="BankProject.cpp">
      <Filter>Source Files</Filter>
    </ClCompile>
  </ItemGroup>
  <ItemGroup>
    <ClInclude Include="1.h">
      <Filter>Header Files</Filter>
    </ClInclude>
    <ClInclude Include="2.h">
      <Filter>Header Files</Filter>
    </ClInclude>
    <ClInclude Include="3.h">
      <Filter>Header Files</Filter>
    </ClInclude>
    <ClInclude Include="4.h">
      <Filter>Header Files</Filter>
    </ClInclude>
    <ClInclude Include="5.h">
      <Filter>Header Files</Filter>
    </ClInclude>
    <ClInclude Include="libs.h">
      <Filter>Header Files</Filter>
    </ClInclude>
    <ClInclude Include="model.h">
      <Filter>Header Files</Filter>
    </ClInclude>
    <ClInclude Include="main.h">
      <Filter>Header Files</Filter>
    </ClInclude>
    <ClInclude Include="6.h">
      <Filter>Header Files</Filter>
    </ClInclude>
    <ClInclude Include="deposit.h">
      <Filter>Header Files\transactions</Filter>
    </ClInclude>
    <ClInclude Include="withdraw.h">
      <Filter>Header Files\transactions</Filter>
    </ClInclude>
    <ClInclude Include="total_balances.h">
      <Filter>Header Files\transactions</Filter>
    </ClInclude>
    <ClInclude Include="7.h">
      <Filter>Header Files</Filter>
    </ClInclude>
    <ClInclude Include="ListUsers.h">
      <Filter>Header Files\mange_users</Filter>
    </ClInclude>
    <ClInclude Include="AddNewUser.h">
      <Filter>Header Files\mange_users</Filter>
    </ClInclude>
    <ClInclude Include="DeleteUser.h">
      <Filter>Header Files\mange_users</Filter>
    </ClInclude>
    <ClInclude Include="UpdateUser.h">
      <Filter>Header Files\mange_users</Filter>
    </ClInclude>
    <ClInclude Include="FindUser.h">
      <Filter>Header Files\mange_users</Filter>
    </ClInclude>
    <ClInclude Include="login.h">
      <Filter>Header Files\login</Filter>
    </ClInclude>
    <ClInclude Include="Permsions.h">
      <Filter>Header Files\login</Filter>
    </ClInclude>
  </ItemGroup>
</Project>